
Microsoft Visual Studio Solution File, Format Version 12.00
# Visual Studio Version 17
VisualStudioVersion = 17.0.31903.59
MinimumVisualStudioVersion = 10.0.40219.1
Project("{2150E333-8FDC-42A3-9474-1A3956D46DE8}") = "Libraries", "Libraries", "{342BAE00-0D31-4810-8D30-5B78883676CA}"
EndProject
Project("{FAE04EC0-301F-11D3-BF4B-00C04F79EFBC}") = "ZooManagement", "Libraries\ZooManagement\ZooManagement.csproj", "{1E25A347-5841-4AEA-90EE-85B6A5346DDB}"
EndProject
Project("{FAE04EC0-301F-11D3-BF4B-00C04F79EFBC}") = "ZooManagementConsole", "ZooManagementConsole\ZooManagementConsole.csproj", "{D8C0BA64-2005-4FD6-8C05-A8EBDE7FD9A1}"
EndProject
Global
	GlobalSection(SolutionConfigurationPlatforms) = preSolution
		Debug|Any CPU = Debug|Any CPU
		Release|Any CPU = Release|Any CPU
	EndGlobalSection
	GlobalSection(SolutionProperties) = preSolution
		HideSolutionNode = FALSE
	EndGlobalSection
	GlobalSection(ProjectConfigurationPlatforms) = postSolution
		{1E25A347-5841-4AEA-90EE-85B6A5346DDB}.Debug|Any CPU.ActiveCfg = Debug|Any CPU
		{1E25A347-5841-4AEA-90EE-85B6A5346DDB}.Debug|Any CPU.Build.0 = Debug|Any CPU
		{1E25A347-5841-4AEA-90EE-85B6A5346DDB}.Release|Any CPU.ActiveCfg = Release|Any CPU
		{1E25A347-5841-4AEA-90EE-85B6A5346DDB}.Release|Any CPU.Build.0 = Release|Any CPU
		{D8C0BA64-2005-4FD6-8C05-A8EBDE7FD9A1}.Debug|Any CPU.ActiveCfg = Debug|Any CPU
		{D8C0BA64-2005-4FD6-8C05-A8EBDE7FD9A1}.Debug|Any CPU.Build.0 = Debug|Any CPU
		{D8C0BA64-2005-4FD6-8C05-A8EBDE7FD9A1}.Release|Any CPU.ActiveCfg = Release|Any CPU
		{D8C0BA64-2005-4FD6-8C05-A8EBDE7FD9A1}.Release|Any CPU.Build.0 = Release|Any CPU
	EndGlobalSection
	GlobalSection(NestedProjects) = preSolution
		{1E25A347-5841-4AEA-90EE-85B6A5346DDB} = {342BAE00-0D31-4810-8D30-5B78883676CA}
	EndGlobalSection
EndGlobal
